// !$*UTF8*$!
{
	archiveVersion = 1;
	classes = {
	};
	objectVersion = 50;
	objects = {

/* Begin PBXBuildFile section */
		EB333DE228858C81008A0C9B /* iOS_calculateTests.swift in Sources */ = {isa = PBXBuildFile; fileRef = EB333DE128858C81008A0C9B /* iOS_calculateTests.swift */; };
		EB4BCBB72889939500F0E2F1 /* iOS_calculateUITest.swift in Sources */ = {isa = PBXBuildFile; fileRef = EB4BCBB62889939500F0E2F1 /* iOS_calculateUITest.swift */; };
		EB4BCBB92889939500F0E2F1 /* iOS_calculateUITestLaunchTests.swift in Sources */ = {isa = PBXBuildFile; fileRef = EB4BCBB82889939500F0E2F1 /* iOS_calculateUITestLaunchTests.swift */; };
		EBB49D1026CEE331007A2A89 /* AppDelegate.swift in Sources */ = {isa = PBXBuildFile; fileRef = EBB49D0F26CEE331007A2A89 /* AppDelegate.swift */; };
		EBB49D1926CEE333007A2A89 /* Assets.xcassets in Resources */ = {isa = PBXBuildFile; fileRef = EBB49D1826CEE333007A2A89 /* Assets.xcassets */; };
		EBB49D1C26CEE333007A2A89 /* LaunchScreen.storyboard in Resources */ = {isa = PBXBuildFile; fileRef = EBB49D1A26CEE333007A2A89 /* LaunchScreen.storyboard */; };
		EBB49D2D26DBFDB2007A2A89 /* HomeViewController.swift in Sources */ = {isa = PBXBuildFile; fileRef = EBB49D2B26DBFDB2007A2A89 /* HomeViewController.swift */; };
		EBB49D2E26DBFDB2007A2A89 /* HomeViewController.xib in Resources */ = {isa = PBXBuildFile; fileRef = EBB49D2C26DBFDB2007A2A89 /* HomeViewController.xib */; };
		EBB49D3026E40991007A2A89 /* UIButtonExtension.swift in Sources */ = {isa = PBXBuildFile; fileRef = EBB49D2F26E40991007A2A89 /* UIButtonExtension.swift */; };
/* End PBXBuildFile section */

/* Begin PBXContainerItemProxy section */
		EB333DE328858C81008A0C9B /* PBXContainerItemProxy */ = {
			isa = PBXContainerItemProxy;
			containerPortal = EBB49D0426CEE330007A2A89 /* Project object */;
			proxyType = 1;
			remoteGlobalIDString = EBB49D0B26CEE331007A2A89;
			remoteInfo = "iOS-calculate";
		};
		EB4BCBBD28899B9200F0E2F1 /* PBXContainerItemProxy */ = {
			isa = PBXContainerItemProxy;
			containerPortal = EBB49D0426CEE330007A2A89 /* Project object */;
			proxyType = 1;
			remoteGlobalIDString = EBB49D0B26CEE331007A2A89;
			remoteInfo = "iOS-calculate";
		};
/* End PBXContainerItemProxy section */

/* Begin PBXFileReference section */
		EB333DDF28858C81008A0C9B /* iOS-calculateTests.xctest */ = {isa = PBXFileReference; explicitFileType = wrapper.cfbundle; includeInIndex = 0; path = "iOS-calculateTests.xctest"; sourceTree = BUILT_PRODUCTS_DIR; };
		EB333DE128858C81008A0C9B /* iOS_calculateTests.swift */ = {isa = PBXFileReference; lastKnownFileType = sourcecode.swift; path = iOS_calculateTests.swift; sourceTree = "<group>"; };
		EB4BCBB42889939500F0E2F1 /* iOS-calculateUITest.xctest */ = {isa = PBXFileReference; explicitFileType = wrapper.cfbundle; includeInIndex = 0; path = "iOS-calculateUITest.xctest"; sourceTree = BUILT_PRODUCTS_DIR; };
		EB4BCBB62889939500F0E2F1 /* iOS_calculateUITest.swift */ = {isa = PBXFileReference; lastKnownFileType = sourcecode.swift; path = iOS_calculateUITest.swift; sourceTree = "<group>"; };
		EB4BCBB82889939500F0E2F1 /* iOS_calculateUITestLaunchTests.swift */ = {isa = PBXFileReference; lastKnownFileType = sourcecode.swift; path = iOS_calculateUITestLaunchTests.swift; sourceTree = "<group>"; };
		EBB49D0C26CEE331007A2A89 /* iOS-calculate.app */ = {isa = PBXFileReference; explicitFileType = wrapper.application; includeInIndex = 0; path = "iOS-calculate.app"; sourceTree = BUILT_PRODUCTS_DIR; };
		EBB49D0F26CEE331007A2A89 /* AppDelegate.swift */ = {isa = PBXFileReference; lastKnownFileType = sourcecode.swift; path = AppDelegate.swift; sourceTree = "<group>"; };
		EBB49D1826CEE333007A2A89 /* Assets.xcassets */ = {isa = PBXFileReference; lastKnownFileType = folder.assetcatalog; path = Assets.xcassets; sourceTree = "<group>"; };
		EBB49D1B26CEE333007A2A89 /* Base */ = {isa = PBXFileReference; lastKnownFileType = file.storyboard; name = Base; path = Base.lproj/LaunchScreen.storyboard; sourceTree = "<group>"; };
		EBB49D1D26CEE333007A2A89 /* Info.plist */ = {isa = PBXFileReference; lastKnownFileType = text.plist.xml; path = Info.plist; sourceTree = "<group>"; };
		EBB49D2B26DBFDB2007A2A89 /* HomeViewController.swift */ = {isa = PBXFileReference; lastKnownFileType = sourcecode.swift; path = HomeViewController.swift; sourceTree = "<group>"; };
		EBB49D2C26DBFDB2007A2A89 /* HomeViewController.xib */ = {isa = PBXFileReference; lastKnownFileType = file.xib; path = HomeViewController.xib; sourceTree = "<group>"; };
		EBB49D2F26E40991007A2A89 /* UIButtonExtension.swift */ = {isa = PBXFileReference; lastKnownFileType = sourcecode.swift; path = UIButtonExtension.swift; sourceTree = "<group>"; };
/* End PBXFileReference section */

/* Begin PBXFrameworksBuildPhase section */
		EB333DDC28858C81008A0C9B /* Frameworks */ = {
			isa = PBXFrameworksBuildPhase;
			buildActionMask = 2147483647;
			files = (
			);
			runOnlyForDeploymentPostprocessing = 0;
		};
		EB4BCBB12889939500F0E2F1 /* Frameworks */ = {
			isa = PBXFrameworksBuildPhase;
			buildActionMask = 2147483647;
			files = (
			);
			runOnlyForDeploymentPostprocessing = 0;
		};
		EBB49D0926CEE331007A2A89 /* Frameworks */ = {
			isa = PBXFrameworksBuildPhase;
			buildActionMask = 2147483647;
			files = (
			);
			runOnlyForDeploymentPostprocessing = 0;
		};
/* End PBXFrameworksBuildPhase section */

/* Begin PBXGroup section */
		EB333DE028858C81008A0C9B /* iOS-calculateTests */ = {
			isa = PBXGroup;
			children = (
				EB333DE128858C81008A0C9B /* iOS_calculateTests.swift */,
			);
			path = "iOS-calculateTests";
			sourceTree = "<group>";
		};
		EB4BCBB52889939500F0E2F1 /* iOS-calculateUITest */ = {
			isa = PBXGroup;
			children = (
				EB4BCBB62889939500F0E2F1 /* iOS_calculateUITest.swift */,
				EB4BCBB82889939500F0E2F1 /* iOS_calculateUITestLaunchTests.swift */,
			);
			path = "iOS-calculateUITest";
			sourceTree = "<group>";
		};
		EBB49D0326CEE330007A2A89 = {
			isa = PBXGroup;
			children = (
				EBB49D0E26CEE331007A2A89 /* iOS-calculate */,
				EB333DE028858C81008A0C9B /* iOS-calculateTests */,
				EB4BCBB52889939500F0E2F1 /* iOS-calculateUITest */,
				EBB49D0D26CEE331007A2A89 /* Products */,
			);
			sourceTree = "<group>";
		};
		EBB49D0D26CEE331007A2A89 /* Products */ = {
			isa = PBXGroup;
			children = (
				EBB49D0C26CEE331007A2A89 /* iOS-calculate.app */,
				EB333DDF28858C81008A0C9B /* iOS-calculateTests.xctest */,
				EB4BCBB42889939500F0E2F1 /* iOS-calculateUITest.xctest */,
			);
			name = Products;
			sourceTree = "<group>";
		};
		EBB49D0E26CEE331007A2A89 /* iOS-calculate */ = {
			isa = PBXGroup;
			children = (
				EBB49D0F26CEE331007A2A89 /* AppDelegate.swift */,
				EBB49D2426D93DD0007A2A89 /* View */,
				EBB49D2526D93DD4007A2A89 /* Controller */,
				EBB49D2326D93DCC007A2A89 /* Model */,
				EBB49D2626D94056007A2A89 /* Util */,
				EBB49D2726D94066007A2A89 /* SupportingFile */,
				EBB49D1826CEE333007A2A89 /* Assets.xcassets */,
			);
			path = "iOS-calculate";
			sourceTree = "<group>";
		};
		EBB49D2326D93DCC007A2A89 /* Model */ = {
			isa = PBXGroup;
			children = (
			);
			path = Model;
			sourceTree = "<group>";
		};
		EBB49D2426D93DD0007A2A89 /* View */ = {
			isa = PBXGroup;
			children = (
				EBB49D2926DBFD2C007A2A89 /* Home */,
				EBB49D2826D940BC007A2A89 /* Launch */,
			);
			path = View;
			sourceTree = "<group>";
		};
		EBB49D2526D93DD4007A2A89 /* Controller */ = {
			isa = PBXGroup;
			children = (
				EBB49D2A26DBFD34007A2A89 /* Home */,
			);
			path = Controller;
			sourceTree = "<group>";
		};
		EBB49D2626D94056007A2A89 /* Util */ = {
			isa = PBXGroup;
			children = (
				EBB49D2F26E40991007A2A89 /* UIButtonExtension.swift */,
			);
			path = Util;
			sourceTree = "<group>";
		};
		EBB49D2726D94066007A2A89 /* SupportingFile */ = {
			isa = PBXGroup;
			children = (
				EBB49D1D26CEE333007A2A89 /* Info.plist */,
			);
			path = SupportingFile;
			sourceTree = "<group>";
		};
		EBB49D2826D940BC007A2A89 /* Launch */ = {
			isa = PBXGroup;
			children = (
				EBB49D1A26CEE333007A2A89 /* LaunchScreen.storyboard */,
			);
			path = Launch;
			sourceTree = "<group>";
		};
		EBB49D2926DBFD2C007A2A89 /* Home */ = {
			isa = PBXGroup;
			children = (
				EBB49D2C26DBFDB2007A2A89 /* HomeViewController.xib */,
			);
			path = Home;
			sourceTree = "<group>";
		};
		EBB49D2A26DBFD34007A2A89 /* Home */ = {
			isa = PBXGroup;
			children = (
				EBB49D2B26DBFDB2007A2A89 /* HomeViewController.swift */,
			);
			path = Home;
			sourceTree = "<group>";
		};
/* End PBXGroup section */

/* Begin PBXNativeTarget section */
		EB333DDE28858C81008A0C9B /* iOS-calculateTests */ = {
			isa = PBXNativeTarget;
			buildConfigurationList = EB333DE728858C81008A0C9B /* Build configuration list for PBXNativeTarget "iOS-calculateTests" */;
			buildPhases = (
				EB333DDB28858C81008A0C9B /* Sources */,
				EB333DDC28858C81008A0C9B /* Frameworks */,
				EB333DDD28858C81008A0C9B /* Resources */,
			);
			buildRules = (
			);
			dependencies = (
				EB333DE428858C81008A0C9B /* PBXTargetDependency */,
			);
			name = "iOS-calculateTests";
			productName = "iOS-calculateTests";
			productReference = EB333DDF28858C81008A0C9B /* iOS-calculateTests.xctest */;
			productType = "com.apple.product-type.bundle.unit-test";
		};
		EB4BCBB32889939500F0E2F1 /* iOS-calculateUITest */ = {
			isa = PBXNativeTarget;
			buildConfigurationList = EB4BCBBC2889939500F0E2F1 /* Build configuration list for PBXNativeTarget "iOS-calculateUITest" */;
			buildPhases = (
				EB4BCBB02889939500F0E2F1 /* Sources */,
				EB4BCBB12889939500F0E2F1 /* Frameworks */,
				EB4BCBB22889939500F0E2F1 /* Resources */,
			);
			buildRules = (
			);
			dependencies = (
				EB4BCBBE28899B9200F0E2F1 /* PBXTargetDependency */,
			);
			name = "iOS-calculateUITest";
			productName = "iOS-calculateUITest";
			productReference = EB4BCBB42889939500F0E2F1 /* iOS-calculateUITest.xctest */;
			productType = "com.apple.product-type.bundle.ui-testing";
		};
		EBB49D0B26CEE331007A2A89 /* iOS-calculate */ = {
			isa = PBXNativeTarget;
			buildConfigurationList = EBB49D2026CEE333007A2A89 /* Build configuration list for PBXNativeTarget "iOS-calculate" */;
			buildPhases = (
				EBB49D0826CEE331007A2A89 /* Sources */,
				EBB49D0926CEE331007A2A89 /* Frameworks */,
				EBB49D0A26CEE331007A2A89 /* Resources */,
			);
			buildRules = (
			);
			dependencies = (
			);
			name = "iOS-calculate";
			productName = "iOS-calculate";
			productReference = EBB49D0C26CEE331007A2A89 /* iOS-calculate.app */;
			productType = "com.apple.product-type.application";
		};
/* End PBXNativeTarget section */

/* Begin PBXProject section */
		EBB49D0426CEE330007A2A89 /* Project object */ = {
			isa = PBXProject;
			attributes = {
				LastSwiftUpdateCheck = 1340;
				LastUpgradeCheck = 1300;
				TargetAttributes = {
					EB333DDE28858C81008A0C9B = {
						CreatedOnToolsVersion = 13.4.1;
						TestTargetID = EBB49D0B26CEE331007A2A89;
					};
					EB4BCBB32889939500F0E2F1 = {
						CreatedOnToolsVersion = 13.4.1;
						TestTargetID = EBB49D0B26CEE331007A2A89;
					};
					EBB49D0B26CEE331007A2A89 = {
						CreatedOnToolsVersion = 12.5;
					};
				};
			};
			buildConfigurationList = EBB49D0726CEE330007A2A89 /* Build configuration list for PBXProject "iOS-calculate" */;
			compatibilityVersion = "Xcode 9.3";
			developmentRegion = en;
			hasScannedForEncodings = 0;
			knownRegions = (
				en,
				Base,
			);
			mainGroup = EBB49D0326CEE330007A2A89;
			productRefGroup = EBB49D0D26CEE331007A2A89 /* Products */;
			projectDirPath = "";
			projectRoot = "";
			targets = (
				EBB49D0B26CEE331007A2A89 /* iOS-calculate */,
				EB333DDE28858C81008A0C9B /* iOS-calculateTests */,
				EB4BCBB32889939500F0E2F1 /* iOS-calculateUITest */,
			);
		};
/* End PBXProject section */

/* Begin PBXResourcesBuildPhase section */
		EB333DDD28858C81008A0C9B /* Resources */ = {
			isa = PBXResourcesBuildPhase;
			buildActionMask = 2147483647;
			files = (
			);
			runOnlyForDeploymentPostprocessing = 0;
		};
		EB4BCBB22889939500F0E2F1 /* Resources */ = {
			isa = PBXResourcesBuildPhase;
			buildActionMask = 2147483647;
			files = (
			);
			runOnlyForDeploymentPostprocessing = 0;
		};
		EBB49D0A26CEE331007A2A89 /* Resources */ = {
			isa = PBXResourcesBuildPhase;
			buildActionMask = 2147483647;
			files = (
				EBB49D1C26CEE333007A2A89 /* LaunchScreen.storyboard in Resources */,
				EBB49D1926CEE333007A2A89 /* Assets.xcassets in Resources */,
				EBB49D2E26DBFDB2007A2A89 /* HomeViewController.xib in Resources */,
			);
			runOnlyForDeploymentPostprocessing = 0;
		};
/* End PBXResourcesBuildPhase section */

/* Begin PBXSourcesBuildPhase section */
		EB333DDB28858C81008A0C9B /* Sources */ = {
			isa = PBXSourcesBuildPhase;
			buildActionMask = 2147483647;
			files = (
				EB333DE228858C81008A0C9B /* iOS_calculateTests.swift in Sources */,
			);
			runOnlyForDeploymentPostprocessing = 0;
		};
		EB4BCBB02889939500F0E2F1 /* Sources */ = {
			isa = PBXSourcesBuildPhase;
			buildActionMask = 2147483647;
			files = (
				EB4BCBB72889939500F0E2F1 /* iOS_calculateUITest.swift in Sources */,
				EB4BCBB92889939500F0E2F1 /* iOS_calculateUITestLaunchTests.swift in Sources */,
			);
			runOnlyForDeploymentPostprocessing = 0;
		};
		EBB49D0826CEE331007A2A89 /* Sources */ = {
			isa = PBXSourcesBuildPhase;
			buildActionMask = 2147483647;
			files = (
				EBB49D1026CEE331007A2A89 /* AppDelegate.swift in Sources */,
				EBB49D2D26DBFDB2007A2A89 /* HomeViewController.swift in Sources */,
				EBB49D3026E40991007A2A89 /* UIButtonExtension.swift in Sources */,
			);
			runOnlyForDeploymentPostprocessing = 0;
		};
/* End PBXSourcesBuildPhase section */

/* Begin PBXTargetDependency section */
		EB333DE428858C81008A0C9B /* PBXTargetDependency */ = {
			isa = PBXTargetDependency;
			target = EBB49D0B26CEE331007A2A89 /* iOS-calculate */;
			targetProxy = EB333DE328858C81008A0C9B /* PBXContainerItemProxy */;
		};
		EB4BCBBE28899B9200F0E2F1 /* PBXTargetDependency */ = {
			isa = PBXTargetDependency;
			target = EBB49D0B26CEE331007A2A89 /* iOS-calculate */;
			targetProxy = EB4BCBBD28899B9200F0E2F1 /* PBXContainerItemProxy */;
		};
/* End PBXTargetDependency section */

/* Begin PBXVariantGroup section */
		EBB49D1A26CEE333007A2A89 /* LaunchScreen.storyboard */ = {
			isa = PBXVariantGroup;
			children = (
				EBB49D1B26CEE333007A2A89 /* Base */,
			);
			name = LaunchScreen.storyboard;
			sourceTree = "<group>";
		};
/* End PBXVariantGroup section */

/* Begin XCBuildConfiguration section */
		EB333DE528858C81008A0C9B /* Debug */ = {
			isa = XCBuildConfiguration;
			buildSettings = {
				BUNDLE_LOADER = "$(TEST_HOST)";
				CLANG_CXX_LANGUAGE_STANDARD = "gnu++17";
				CODE_SIGN_STYLE = Automatic;
				CURRENT_PROJECT_VERSION = 1;
				DEVELOPMENT_TEAM = JXG85VJB92;
				GENERATE_INFOPLIST_FILE = YES;
				IPHONEOS_DEPLOYMENT_TARGET = 15.5;
				MARKETING_VERSION = 1.0;
				PRODUCT_BUNDLE_IDENTIFIER = "com.estheralcoceba.iOS-calculateTests";
				PRODUCT_NAME = "$(TARGET_NAME)";
				SWIFT_EMIT_LOC_STRINGS = NO;
				SWIFT_VERSION = 5.0;
				TARGETED_DEVICE_FAMILY = "1,2";
				TEST_HOST = "$(BUILT_PRODUCTS_DIR)/iOS-calculate.app/iOS-calculate";
			};
			name = Debug;
		};
		EB333DE628858C81008A0C9B /* Release */ = {
			isa = XCBuildConfiguration;
			buildSettings = {
				BUNDLE_LOADER = "$(TEST_HOST)";
				CLANG_CXX_LANGUAGE_STANDARD = "gnu++17";
				CODE_SIGN_STYLE = Automatic;
				CURRENT_PROJECT_VERSION = 1;
				DEVELOPMENT_TEAM = JXG85VJB92;
				GENERATE_INFOPLIST_FILE = YES;
				IPHONEOS_DEPLOYMENT_TARGET = 15.5;
				MARKETING_VERSION = 1.0;
				PRODUCT_BUNDLE_IDENTIFIER = "com.estheralcoceba.iOS-calculateTests";
				PRODUCT_NAME = "$(TARGET_NAME)";
				SWIFT_EMIT_LOC_STRINGS = NO;
				SWIFT_VERSION = 5.0;
				TARGETED_DEVICE_FAMILY = "1,2";
				TEST_HOST = "$(BUILT_PRODUCTS_DIR)/iOS-calculate.app/iOS-calculate";
			};
			name = Release;
		};
		EB4BCBBA2889939500F0E2F1 /* Debug */ = {
			isa = XCBuildConfiguration;
			buildSettings = {
				CLANG_CXX_LANGUAGE_STANDARD = "gnu++17";
				CODE_SIGN_STYLE = Automatic;
				CURRENT_PROJECT_VERSION = 1;
				DEVELOPMENT_TEAM = JXG85VJB92;
				GENERATE_INFOPLIST_FILE = YES;
				MACOSX_DEPLOYMENT_TARGET = 12.3;
				MARKETING_VERSION = 1.0;
				PRODUCT_BUNDLE_IDENTIFIER = "com.estheralcoceba.iOS-calculateUITest";
				PRODUCT_NAME = "$(TARGET_NAME)";
				SDKROOT = macosx;
				SWIFT_EMIT_LOC_STRINGS = NO;
				SWIFT_VERSION = 5.0;
				TEST_TARGET_NAME = "iOS-calculate";
			};
			name = Debug;
		};
		EB4BCBBB2889939500F0E2F1 /* Release */ = {
			isa = XCBuildConfiguration;
			buildSettings = {
				CLANG_CXX_LANGUAGE_STANDARD = "gnu++17";
				CODE_SIGN_STYLE = Automatic;
				CURRENT_PROJECT_VERSION = 1;
				DEVELOPMENT_TEAM = JXG85VJB92;
				GENERATE_INFOPLIST_FILE = YES;
				MACOSX_DEPLOYMENT_TARGET = 12.3;
				MARKETING_VERSION = 1.0;
				PRODUCT_BUNDLE_IDENTIFIER = "com.estheralcoceba.iOS-calculateUITest";
				PRODUCT_NAME = "$(TARGET_NAME)";
				SDKROOT = macosx;
				SWIFT_EMIT_LOC_STRINGS = NO;
				SWIFT_VERSION = 5.0;
				TEST_TARGET_NAME = "iOS-calculate";
			};
			name = Release;
		};
		EBB49D1E26CEE333007A2A89 /* Debug */ = {
			isa = XCBuildConfiguration;
			buildSettings = {
				ALWAYS_SEARCH_USER_PATHS = NO;
				CLANG_ANALYZER_NONNULL = YES;
				CLANG_ANALYZER_NUMBER_OBJECT_CONVERSION = YES_AGGRESSIVE;
				CLANG_CXX_LANGUAGE_STANDARD = "gnu++14";
				CLANG_CXX_LIBRARY = "libc++";
				CLANG_ENABLE_MODULES = YES;
				CLANG_ENABLE_OBJC_ARC = YES;
				CLANG_ENABLE_OBJC_WEAK = YES;
				CLANG_WARN_BLOCK_CAPTURE_AUTORELEASING = YES;
				CLANG_WARN_BOOL_CONVERSION = YES;
				CLANG_WARN_COMMA = YES;
				CLANG_WARN_CONSTANT_CONVERSION = YES;
				CLANG_WARN_DEPRECATED_OBJC_IMPLEMENTATIONS = YES;
				CLANG_WARN_DIRECT_OBJC_ISA_USAGE = YES_ERROR;
				CLANG_WARN_DOCUMENTATION_COMMENTS = YES;
				CLANG_WARN_EMPTY_BODY = YES;
				CLANG_WARN_ENUM_CONVERSION = YES;
				CLANG_WARN_INFINITE_RECURSION = YES;
				CLANG_WARN_INT_CONVERSION = YES;
				CLANG_WARN_NON_LITERAL_NULL_CONVERSION = YES;
				CLANG_WARN_OBJC_IMPLICIT_RETAIN_SELF = YES;
				CLANG_WARN_OBJC_LITERAL_CONVERSION = YES;
				CLANG_WARN_OBJC_ROOT_CLASS = YES_ERROR;
				CLANG_WARN_QUOTED_INCLUDE_IN_FRAMEWORK_HEADER = YES;
				CLANG_WARN_RANGE_LOOP_ANALYSIS = YES;
				CLANG_WARN_STRICT_PROTOTYPES = YES;
				CLANG_WARN_SUSPICIOUS_MOVE = YES;
				CLANG_WARN_UNGUARDED_AVAILABILITY = YES_AGGRESSIVE;
				CLANG_WARN_UNREACHABLE_CODE = YES;
				CLANG_WARN__DUPLICATE_METHOD_MATCH = YES;
				COPY_PHASE_STRIP = NO;
				DEBUG_INFORMATION_FORMAT = dwarf;
				ENABLE_STRICT_OBJC_MSGSEND = YES;
				ENABLE_TESTABILITY = YES;
				GCC_C_LANGUAGE_STANDARD = gnu11;
				GCC_DYNAMIC_NO_PIC = NO;
				GCC_NO_COMMON_BLOCKS = YES;
				GCC_OPTIMIZATION_LEVEL = 0;
				GCC_PREPROCESSOR_DEFINITIONS = (
					"DEBUG=1",
					"$(inherited)",
				);
				GCC_WARN_64_TO_32_BIT_CONVERSION = YES;
				GCC_WARN_ABOUT_RETURN_TYPE = YES_ERROR;
				GCC_WARN_UNDECLARED_SELECTOR = YES;
				GCC_WARN_UNINITIALIZED_AUTOS = YES_AGGRESSIVE;
				GCC_WARN_UNUSED_FUNCTION = YES;
				GCC_WARN_UNUSED_VARIABLE = YES;
				IPHONEOS_DEPLOYMENT_TARGET = 12.0;
				MTL_ENABLE_DEBUG_INFO = INCLUDE_SOURCE;
				MTL_FAST_MATH = YES;
				ONLY_ACTIVE_ARCH = YES;
				SDKROOT = iphoneos;
				SWIFT_ACTIVE_COMPILATION_CONDITIONS = DEBUG;
				SWIFT_OPTIMIZATION_LEVEL = "-Onone";
			};
			name = Debug;
		};
		EBB49D1F26CEE333007A2A89 /* Release */ = {
			isa = XCBuildConfiguration;
			buildSettings = {
				ALWAYS_SEARCH_USER_PATHS = NO;
				CLANG_ANALYZER_NONNULL = YES;
				CLANG_ANALYZER_NUMBER_OBJECT_CONVERSION = YES_AGGRESSIVE;
				CLANG_CXX_LANGUAGE_STANDARD = "gnu++14";
				CLANG_CXX_LIBRARY = "libc++";
				CLANG_ENABLE_MODULES = YES;
				CLANG_ENABLE_OBJC_ARC = YES;
				CLANG_ENABLE_OBJC_WEAK = YES;
				CLANG_WARN_BLOCK_CAPTURE_AUTORELEASING = YES;
				CLANG_WARN_BOOL_CONVERSION = YES;
				CLANG_WARN_COMMA = YES;
				CLANG_WARN_CONSTANT_CONVERSION = YES;
				CLANG_WARN_DEPRECATED_OBJC_IMPLEMENTATIONS = YES;
				CLANG_WARN_DIRECT_OBJC_ISA_USAGE = YES_ERROR;
				CLANG_WARN_DOCUMENTATION_COMMENTS = YES;
				CLANG_WARN_EMPTY_BODY = YES;
				CLANG_WARN_ENUM_CONVERSION = YES;
				CLANG_WARN_INFINITE_RECURSION = YES;
				CLANG_WARN_INT_CONVERSION = YES;
				CLANG_WARN_NON_LITERAL_NULL_CONVERSION = YES;
				CLANG_WARN_OBJC_IMPLICIT_RETAIN_SELF = YES;
				CLANG_WARN_OBJC_LITERAL_CONVERSION = YES;
				CLANG_WARN_OBJC_ROOT_CLASS = YES_ERROR;
				CLANG_WARN_QUOTED_INCLUDE_IN_FRAMEWORK_HEADER = YES;
				CLANG_WARN_RANGE_LOOP_ANALYSIS = YES;
				CLANG_WARN_STRICT_PROTOTYPES = YES;
				CLANG_WARN_SUSPICIOUS_MOVE = YES;
				CLANG_WARN_UNGUARDED_AVAILABILITY = YES_AGGRESSIVE;
				CLANG_WARN_UNREACHABLE_CODE = YES;
				CLANG_WARN__DUPLICATE_METHOD_MATCH = YES;
				COPY_PHASE_STRIP = NO;
				DEBUG_INFORMATION_FORMAT = "dwarf-with-dsym";
				ENABLE_NS_ASSERTIONS = NO;
				ENABLE_STRICT_OBJC_MSGSEND = YES;
				GCC_C_LANGUAGE_STANDARD = gnu11;
				GCC_NO_COMMON_BLOCKS = YES;
				GCC_WARN_64_TO_32_BIT_CONVERSION = YES;
				GCC_WARN_ABOUT_RETURN_TYPE = YES_ERROR;
				GCC_WARN_UNDECLARED_SELECTOR = YES;
				GCC_WARN_UNINITIALIZED_AUTOS = YES_AGGRESSIVE;
				GCC_WARN_UNUSED_FUNCTION = YES;
				GCC_WARN_UNUSED_VARIABLE = YES;
				IPHONEOS_DEPLOYMENT_TARGET = 12.0;
				MTL_ENABLE_DEBUG_INFO = NO;
				MTL_FAST_MATH = YES;
				SDKROOT = iphoneos;
				SWIFT_COMPILATION_MODE = wholemodule;
				SWIFT_OPTIMIZATION_LEVEL = "-O";
				VALIDATE_PRODUCT = YES;
			};
			name = Release;
		};
		EBB49D2126CEE333007A2A89 /* Debug */ = {
			isa = XCBuildConfiguration;
			buildSettings = {
				ASSETCATALOG_COMPILER_APPICON_NAME = AppIcon;
				ASSETCATALOG_COMPILER_GLOBAL_ACCENT_COLOR_NAME = AccentColor;
				CODE_SIGN_IDENTITY = "iPhone Developer";
				CODE_SIGN_STYLE = Automatic;
				DEVELOPMENT_TEAM = JXG85VJB92;
				INFOPLIST_FILE = "iOS-calculate/SupportingFile/Info.plist";
				IPHONEOS_DEPLOYMENT_TARGET = 12.0;
				LD_RUNPATH_SEARCH_PATHS = (
					"$(inherited)",
					"@executable_path/Frameworks",
				);
				PRODUCT_BUNDLE_IDENTIFIER = "com.estheralcoceba.iOS-calculate";
				PRODUCT_NAME = "$(TARGET_NAME)";
				SWIFT_VERSION = 5.0;
				TARGETED_DEVICE_FAMILY = "1,2";
			};
			name = Debug;
		};
		EBB49D2226CEE333007A2A89 /* Release */ = {
			isa = XCBuildConfiguration;
			buildSettings = {
				ASSETCATALOG_COMPILER_APPICON_NAME = AppIcon;
				ASSETCATALOG_COMPILER_GLOBAL_ACCENT_COLOR_NAME = AccentColor;
				CODE_SIGN_IDENTITY = "iPhone Developer";
				CODE_SIGN_STYLE = Automatic;
				DEVELOPMENT_TEAM = JXG85VJB92;
				INFOPLIST_FILE = "iOS-calculate/SupportingFile/Info.plist";
				IPHONEOS_DEPLOYMENT_TARGET = 12.0;
				LD_RUNPATH_SEARCH_PATHS = (
					"$(inherited)",
					"@executable_path/Frameworks",
				);
				PRODUCT_BUNDLE_IDENTIFIER = "com.estheralcoceba.iOS-calculate";
				PRODUCT_NAME = "$(TARGET_NAME)";
				SWIFT_VERSION = 5.0;
				TARGETED_DEVICE_FAMILY = "1,2";
			};
			name = Release;
		};
/* End XCBuildConfiguration section */

/* Begin XCConfigurationList section */
		EB333DE728858C81008A0C9B /* Build configuration list for PBXNativeTarget "iOS-calculateTests" */ = {
			isa = XCConfigurationList;
			buildConfigurations = (
				EB333DE528858C81008A0C9B /* Debug */,
				EB333DE628858C81008A0C9B /* Release */,
			);
			defaultConfigurationIsVisible = 0;
			defaultConfigurationName = Release;
		};
		EB4BCBBC2889939500F0E2F1 /* Build configuration list for PBXNativeTarget "iOS-calculateUITest" */ = {
			isa = XCConfigurationList;
			buildConfigurations = (
				EB4BCBBA2889939500F0E2F1 /* Debug */,
				EB4BCBBB2889939500F0E2F1 /* Release */,
			);
			defaultConfigurationIsVisible = 0;
			defaultConfigurationName = Release;
		};
		EBB49D0726CEE330007A2A89 /* Build configuration list for PBXProject "iOS-calculate" */ = {
			isa = XCConfigurationList;
			buildConfigurations = (
				EBB49D1E26CEE333007A2A89 /* Debug */,
				EBB49D1F26CEE333007A2A89 /* Release */,
			);
			defaultConfigurationIsVisible = 0;
			defaultConfigurationName = Release;
		};
		EBB49D2026CEE333007A2A89 /* Build configuration list for PBXNativeTarget "iOS-calculate" */ = {
			isa = XCConfigurationList;
			buildConfigurations = (
				EBB49D2126CEE333007A2A89 /* Debug */,
				EBB49D2226CEE333007A2A89 /* Release */,
			);
			defaultConfigurationIsVisible = 0;
			defaultConfigurationName = Release;
		};
/* End XCConfigurationList section */
	};
	rootObject = EBB49D0426CEE330007A2A89 /* Project object */;
}
